
Microsoft Visual Studio Solution File, Format Version 12.00
# Visual Studio Version 17
VisualStudioVersion = 17.14.36121.58 d17.14
MinimumVisualStudioVersion = 10.0.40219.1
Project("{FAE04EC0-301F-11D3-BF4B-00C04F79EFBC}") = "prjF1indexers", "prjF1indexers\prjF1indexers.csproj", "{35839AEE-FAA3-4AFB-8278-015ED11B807D}"
EndProject
Project("{FAE04EC0-301F-11D3-BF4B-00C04F79EFBC}") = "TestF1", "TestF1\TestF1.csproj", "{A3055044-67A5-49B4-B184-5DC156CEE78D}"
EndProject
Global
	GlobalSection(SolutionConfigurationPlatforms) = preSolution
		Debug|Any CPU = Debug|Any CPU
		Release|Any CPU = Release|Any CPU
	EndGlobalSection
	GlobalSection(ProjectConfigurationPlatforms) = postSolution
		{35839AEE-FAA3-4AFB-8278-015ED11B807D}.Debug|Any CPU.ActiveCfg = Debug|Any CPU
		{35839AEE-FAA3-4AFB-8278-015ED11B807D}.Debug|Any CPU.Build.0 = Debug|Any CPU
		{35839AEE-FAA3-4AFB-8278-015ED11B807D}.Release|Any CPU.ActiveCfg = Release|Any CPU
		{35839AEE-FAA3-4AFB-8278-015ED11B807D}.Release|Any CPU.Build.0 = Release|Any CPU
		{A3055044-67A5-49B4-B184-5DC156CEE78D}.Debug|Any CPU.ActiveCfg = Debug|Any CPU
		{A3055044-67A5-49B4-B184-5DC156CEE78D}.Debug|Any CPU.Build.0 = Debug|Any CPU
		{A3055044-67A5-49B4-B184-5DC156CEE78D}.Release|Any CPU.ActiveCfg = Release|Any CPU
		{A3055044-67A5-49B4-B184-5DC156CEE78D}.Release|Any CPU.Build.0 = Release|Any CPU
	EndGlobalSection
	GlobalSection(SolutionProperties) = preSolution
		HideSolutionNode = FALSE
	EndGlobalSection
	GlobalSection(ExtensibilityGlobals) = postSolution
		SolutionGuid = {2D121DE9-DE38-423D-BA5A-3B89F35A22EE}
	EndGlobalSection
EndGlobal
